<?xml version="1.0" encoding="utf-8"?>
<Project ToolsVersion="4.0" xmlns="http://schemas.microsoft.com/developer/msbuild/2003">
  <ItemGroup>
    <Filter Include="Source Files">
      <UniqueIdentifier>{4FC737F1-C7A5-4376-A066-2A32D752A2FF}</UniqueIdentifier>
      <Extensions>cpp;c;cc;cxx;def;odl;idl;hpj;bat;asm;asmx</Extensions>
    </Filter>
    <Filter Include="Header Files">
      <UniqueIdentifier>{93995380-89BD-4b04-88EB-625FBE52EBFB}</UniqueIdentifier>
      <Extensions>h;hh;hpp;hxx;hm;inl;inc;ipp;xsd</Extensions>
    </Filter>
    <Filter Include="Resource Files">
      <UniqueIdentifier>{67DA6AB6-F800-4c08-8B7A-83BB121AAD01}</UniqueIdentifier>
      <Extensions>rc;ico;cur;bmp;dlg;rc2;rct;bin;rgs;gif;jpg;jpeg;jpe;resx;tiff;tif;png;wav;mfcribbon-ms</Extensions>
    </Filter>
    <Filter Include="Source Files\requests">
      <UniqueIdentifier>{d5201e7b-fb76-4ea2-b447-172d15f35c61}</UniqueIdentifier>
    </Filter>
    <Filter Include="Header Files\requests">
      <UniqueIdentifier>{4651686e-b8cb-4418-85dc-cf6fb3600470}</UniqueIdentifier>
    </Filter>
    <Filter Include="Source Files\data">
      <UniqueIdentifier>{9df65c9d-295d-40e6-9646-31ea0ae0554b}</UniqueIdentifier>
    </Filter>
  </ItemGroup>
  <ItemGroup>
    <ClInclude Include="EWebSend.h">
      <Filter>Header Files</Filter>
    </ClInclude>
    <ClInclude Include="EWebReceive.h">
      <Filter>Header Files</Filter>
    </ClInclude>
    <ClInclude Include="WrapperWeb.h">
      <Filter>Header Files</Filter>
    </ClInclude>
    <ClInclude Include="WebSendGateway.h">
      <Filter>Header Files</Filter>
    </ClInclude>
    <ClInclude Include="WebRequestWorker.h">
      <Filter>Header Files</Filter>
    </ClInclude>
    <ClInclude Include="WatchListData.h">
      <Filter>Header Files</Filter>
    </ClInclude>
    <ClInclude Include="TypeDefs.h">
      <Filter>Header Files</Filter>
    </ClInclude>
    <ClInclude Include="TwsSendWorker.h">
      <Filter>Header Files</Filter>
    </ClInclude>
    <ClInclude Include="PreviousDayValues.h">
      <Filter>Header Files</Filter>
    </ClInclude>
    <ClInclude Include="News.h">
      <Filter>Header Files</Filter>
    </ClInclude>
    <ClInclude Include="Flex.h">
      <Filter>Header Files</Filter>
    </ClInclude>
    <ClInclude Include="requests\EdgarRequests.h">
      <Filter>Header Files\requests</Filter>
    </ClInclude>
    <ClInclude Include="resource.h">
      <Filter>Header Files</Filter>
    </ClInclude>
  </ItemGroup>
  <ItemGroup>
    <ClCompile Include="main.cpp">
      <Filter>Source Files</Filter>
    </ClCompile>
    <ClCompile Include="WrapperWeb.cpp">
      <Filter>Source Files</Filter>
    </ClCompile>
    <ClCompile Include="Flex.cpp">
      <Filter>Source Files</Filter>
    </ClCompile>
    <ClCompile Include="pc.h">
      <Filter>Source Files</Filter>
    </ClCompile>
    <ClCompile Include="WatchListData.cpp">
      <Filter>Source Files</Filter>
    </ClCompile>
    <ClCompile Include="PreviousDayValues.cpp">
      <Filter>Source Files</Filter>
    </ClCompile>
    <ClCompile Include="WebSendGateway.cpp">
      <Filter>Source Files</Filter>
    </ClCompile>
    <ClCompile Include="WebRequestWorker.cpp">
      <Filter>Source Files</Filter>
    </ClCompile>
    <ClCompile Include="TwsSendWorker.cpp">
      <Filter>Source Files</Filter>
    </ClCompile>
    <ClCompile Include="BlocklyWorker.cpp">
      <Filter>Source Files</Filter>
    </ClCompile>
    <ClCompile Include="WebCoSocket.cpp">
      <Filter>Source Files</Filter>
    </ClCompile>
    <ClCompile Include="requests\EdgarRequests.cpp">
      <Filter>Source Files\requests</Filter>
    </ClCompile>
    <ClCompile Include="requests\News.cpp">
      <Filter>Source Files\requests</Filter>
    </ClCompile>
    <ClCompile Include="requests\Reddit.cpp">
      <Filter>Source Files\requests</Filter>
    </ClCompile>
    <ClCompile Include="requests\Twitter.cpp">
      <Filter>Source Files\requests</Filter>
    </ClCompile>
  </ItemGroup>
  <ItemGroup>
    <ResourceCompile Include="Resource.rc">
      <Filter>Resource Files</Filter>
    </ResourceCompile>
  </ItemGroup>
</Project>