
Microsoft Visual Studio Solution File, Format Version 12.00
# Visual Studio Version 16
VisualStudioVersion = 16.0.28606.126
MinimumVisualStudioVersion = 10.0.40219.1
Project("{8BC9CEB8-8B4A-11D0-8D11-00A0C91BC942}") = "TwsWebSocket", "TwsWebSocket.vcxproj", "{B3DBDB2D-1109-4C38-A34D-E69D94A6CB93}"
	ProjectSection(ProjectDependencies) = postProject
		{7FC3CC33-B345-423E-99B6-5D499E531FBF} = {7FC3CC33-B345-423E-99B6-5D499E531FBF}
		{E9C3126E-CEA8-41A8-A714-7644B016DB3C} = {E9C3126E-CEA8-41A8-A714-7644B016DB3C}
		{8B49D7A7-4CB3-4610-8028-E9A179AE86F3} = {8B49D7A7-4CB3-4610-8028-E9A179AE86F3}
		{B001A9CB-6EBC-470A-9760-4BFF763D9A16} = {B001A9CB-6EBC-470A-9760-4BFF763D9A16}
	EndProjectSection
EndProject
Project("{8BC9CEB8-8B4A-11D0-8D11-00A0C91BC942}") = "MarketLibrary", "..\..\MarketLibrary\source\MarketLibrary.vcxproj", "{B001A9CB-6EBC-470A-9760-4BFF763D9A16}"
	ProjectSection(ProjectDependencies) = postProject
		{7FC3CC33-B345-423E-99B6-5D499E531FBF} = {7FC3CC33-B345-423E-99B6-5D499E531FBF}
		{E9C3126E-CEA8-41A8-A714-7644B016DB3C} = {E9C3126E-CEA8-41A8-A714-7644B016DB3C}
		{8B49D7A7-4CB3-4610-8028-E9A179AE86F3} = {8B49D7A7-4CB3-4610-8028-E9A179AE86F3}
	EndProjectSection
EndProject
Project("{8BC9CEB8-8B4A-11D0-8D11-00A0C91BC942}") = "Framework", "..\..\Framework\source\Framework.vcxproj", "{7FC3CC33-B345-423E-99B6-5D499E531FBF}"
EndProject
Project("{8BC9CEB8-8B4A-11D0-8D11-00A0C91BC942}") = "XZ", "..\..\XZ\source\XZ.vcxproj", "{8B49D7A7-4CB3-4610-8028-E9A179AE86F3}"
	ProjectSection(ProjectDependencies) = postProject
		{7FC3CC33-B345-423E-99B6-5D499E531FBF} = {7FC3CC33-B345-423E-99B6-5D499E531FBF}
	EndProjectSection
EndProject
Project("{54435603-DBB4-11D2-8724-00A0C9A8B90C}") = "Setup", "..\Setup\Setup.vdproj", "{22ADB4A9-826E-464E-87D9-54F20CF7637D}"
EndProject
Project("{8BC9CEB8-8B4A-11D0-8D11-00A0C91BC942}") = "TwsSocketClient64", "..\..\..\..\..\..\..\TWS API\source\CppClient\client\TwsSocketClient64.vcxproj", "{E9C3126E-CEA8-41A8-A714-7644B016DB3C}"
EndProject
Global
	GlobalSection(SolutionConfigurationPlatforms) = preSolution
		Debug|x64 = Debug|x64
		Debug|x86 = Debug|x86
		Release|x64 = Release|x64
		Release|x86 = Release|x86
	EndGlobalSection
	GlobalSection(ProjectConfigurationPlatforms) = postSolution
		{B3DBDB2D-1109-4C38-A34D-E69D94A6CB93}.Debug|x64.ActiveCfg = Debug|x64
		{B3DBDB2D-1109-4C38-A34D-E69D94A6CB93}.Debug|x64.Build.0 = Debug|x64
		{B3DBDB2D-1109-4C38-A34D-E69D94A6CB93}.Debug|x86.ActiveCfg = Debug|x64
		{B3DBDB2D-1109-4C38-A34D-E69D94A6CB93}.Release|x64.ActiveCfg = Release|x64
		{B3DBDB2D-1109-4C38-A34D-E69D94A6CB93}.Release|x64.Build.0 = Release|x64
		{B3DBDB2D-1109-4C38-A34D-E69D94A6CB93}.Release|x86.ActiveCfg = Release|x64
		{B001A9CB-6EBC-470A-9760-4BFF763D9A16}.Debug|x64.ActiveCfg = Debug|x64
		{B001A9CB-6EBC-470A-9760-4BFF763D9A16}.Debug|x64.Build.0 = Debug|x64
		{B001A9CB-6EBC-470A-9760-4BFF763D9A16}.Debug|x86.ActiveCfg = Debug|x64
		{B001A9CB-6EBC-470A-9760-4BFF763D9A16}.Release|x64.ActiveCfg = Release|x64
		{B001A9CB-6EBC-470A-9760-4BFF763D9A16}.Release|x64.Build.0 = Release|x64
		{B001A9CB-6EBC-470A-9760-4BFF763D9A16}.Release|x86.ActiveCfg = Release|x64
		{7FC3CC33-B345-423E-99B6-5D499E531FBF}.Debug|x64.ActiveCfg = Debug|x64
		{7FC3CC33-B345-423E-99B6-5D499E531FBF}.Debug|x64.Build.0 = Debug|x64
		{7FC3CC33-B345-423E-99B6-5D499E531FBF}.Debug|x86.ActiveCfg = Debug|x64
		{7FC3CC33-B345-423E-99B6-5D499E531FBF}.Release|x64.ActiveCfg = Release|x64
		{7FC3CC33-B345-423E-99B6-5D499E531FBF}.Release|x64.Build.0 = Release|x64
		{7FC3CC33-B345-423E-99B6-5D499E531FBF}.Release|x86.ActiveCfg = Release|x64
		{8B49D7A7-4CB3-4610-8028-E9A179AE86F3}.Debug|x64.ActiveCfg = Debug|x64
		{8B49D7A7-4CB3-4610-8028-E9A179AE86F3}.Debug|x64.Build.0 = Debug|x64
		{8B49D7A7-4CB3-4610-8028-E9A179AE86F3}.Debug|x86.ActiveCfg = Debug|x64
		{8B49D7A7-4CB3-4610-8028-E9A179AE86F3}.Release|x64.ActiveCfg = Release|x64
		{8B49D7A7-4CB3-4610-8028-E9A179AE86F3}.Release|x64.Build.0 = Release|x64
		{8B49D7A7-4CB3-4610-8028-E9A179AE86F3}.Release|x86.ActiveCfg = Release|x64
		{22ADB4A9-826E-464E-87D9-54F20CF7637D}.Debug|x64.ActiveCfg = Debug
		{22ADB4A9-826E-464E-87D9-54F20CF7637D}.Debug|x86.ActiveCfg = Debug
		{22ADB4A9-826E-464E-87D9-54F20CF7637D}.Release|x64.ActiveCfg = Release
		{22ADB4A9-826E-464E-87D9-54F20CF7637D}.Release|x86.ActiveCfg = Release
		{E9C3126E-CEA8-41A8-A714-7644B016DB3C}.Debug|x64.ActiveCfg = Debug|x64
		{E9C3126E-CEA8-41A8-A714-7644B016DB3C}.Debug|x64.Build.0 = Debug|x64
		{E9C3126E-CEA8-41A8-A714-7644B016DB3C}.Debug|x86.ActiveCfg = Debug|x64
		{E9C3126E-CEA8-41A8-A714-7644B016DB3C}.Release|x64.ActiveCfg = Release|x64
		{E9C3126E-CEA8-41A8-A714-7644B016DB3C}.Release|x64.Build.0 = Release|x64
		{E9C3126E-CEA8-41A8-A714-7644B016DB3C}.Release|x86.ActiveCfg = Release|x64
	EndGlobalSection
	GlobalSection(SolutionProperties) = preSolution
		HideSolutionNode = FALSE
	EndGlobalSection
	GlobalSection(ExtensibilityGlobals) = postSolution
		SolutionGuid = {221C0219-CC42-4B90-9115-981017C8AD75}
	EndGlobalSection
EndGlobal
