
Microsoft Visual Studio Solution File, Format Version 12.00
# Visual Studio Version 16
VisualStudioVersion = 16.0.28606.126
MinimumVisualStudioVersion = 10.0.40219.1
Project("{8BC9CEB8-8B4A-11D0-8D11-00A0C91BC942}") = "TwsWebSocket", "TwsWebSocket.vcxproj", "{B3DBDB2D-1109-4C38-A34D-E69D94A6CB93}"
	ProjectSection(ProjectDependencies) = postProject
		{3505B31F-01FF-458F-AFF7-193E60ECF0FE} = {3505B31F-01FF-458F-AFF7-193E60ECF0FE}
		{7FC3CC33-B345-423E-99B6-5D499E531FBF} = {7FC3CC33-B345-423E-99B6-5D499E531FBF}
		{E9C3126E-CEA8-41A8-A714-7644B016DB3C} = {E9C3126E-CEA8-41A8-A714-7644B016DB3C}
		{8B49D7A7-4CB3-4610-8028-E9A179AE86F3} = {8B49D7A7-4CB3-4610-8028-E9A179AE86F3}
		{30ADF2AD-9EA2-4A2B-B86A-8FC2BE04D7FC} = {30ADF2AD-9EA2-4A2B-B86A-8FC2BE04D7FC}
		{B001A9CB-6EBC-470A-9760-4BFF763D9A16} = {B001A9CB-6EBC-470A-9760-4BFF763D9A16}
	EndProjectSection
EndProject
Project("{8BC9CEB8-8B4A-11D0-8D11-00A0C91BC942}") = "MarketLibrary", "..\..\MarketLibrary\source\MarketLibrary.vcxproj", "{B001A9CB-6EBC-470A-9760-4BFF763D9A16}"
	ProjectSection(ProjectDependencies) = postProject
		{28D2771F-7721-402F-ADC9-38A0B255D5F5} = {28D2771F-7721-402F-ADC9-38A0B255D5F5}
		{7FC3CC33-B345-423E-99B6-5D499E531FBF} = {7FC3CC33-B345-423E-99B6-5D499E531FBF}
		{E9C3126E-CEA8-41A8-A714-7644B016DB3C} = {E9C3126E-CEA8-41A8-A714-7644B016DB3C}
		{8B49D7A7-4CB3-4610-8028-E9A179AE86F3} = {8B49D7A7-4CB3-4610-8028-E9A179AE86F3}
	EndProjectSection
EndProject
Project("{8BC9CEB8-8B4A-11D0-8D11-00A0C91BC942}") = "Framework", "..\..\Framework\source\Framework.vcxproj", "{7FC3CC33-B345-423E-99B6-5D499E531FBF}"
EndProject
Project("{8BC9CEB8-8B4A-11D0-8D11-00A0C91BC942}") = "XZ", "..\..\XZ\source\XZ.vcxproj", "{8B49D7A7-4CB3-4610-8028-E9A179AE86F3}"
	ProjectSection(ProjectDependencies) = postProject
		{7FC3CC33-B345-423E-99B6-5D499E531FBF} = {7FC3CC33-B345-423E-99B6-5D499E531FBF}
	EndProjectSection
EndProject
Project("{8BC9CEB8-8B4A-11D0-8D11-00A0C91BC942}") = "TwsSocketClient64", "..\..\..\..\..\..\..\TWS API\source\CppClient\client\TwsSocketClient64.vcxproj", "{E9C3126E-CEA8-41A8-A714-7644B016DB3C}"
EndProject
Project("{8BC9CEB8-8B4A-11D0-8D11-00A0C91BC942}") = "Blockly", "..\..\Blockly\source\Blockly.vcxproj", "{28D2771F-7721-402F-ADC9-38A0B255D5F5}"
	ProjectSection(ProjectDependencies) = postProject
		{7FC3CC33-B345-423E-99B6-5D499E531FBF} = {7FC3CC33-B345-423E-99B6-5D499E531FBF}
	EndProjectSection
EndProject
Project("{8BC9CEB8-8B4A-11D0-8D11-00A0C91BC942}") = "Blockly.Executor", "..\..\Blockly\source\Blockly.Executor.vcxproj", "{474E0ECE-1132-4040-B0C2-C16456A88C2D}"
	ProjectSection(ProjectDependencies) = postProject
		{28D2771F-7721-402F-ADC9-38A0B255D5F5} = {28D2771F-7721-402F-ADC9-38A0B255D5F5}
		{7FC3CC33-B345-423E-99B6-5D499E531FBF} = {7FC3CC33-B345-423E-99B6-5D499E531FBF}
		{B001A9CB-6EBC-470A-9760-4BFF763D9A16} = {B001A9CB-6EBC-470A-9760-4BFF763D9A16}
	EndProjectSection
EndProject
Project("{8BC9CEB8-8B4A-11D0-8D11-00A0C91BC942}") = "ssl", "..\..\Ssl\source\ssl.vcxproj", "{3505B31F-01FF-458F-AFF7-193E60ECF0FE}"
	ProjectSection(ProjectDependencies) = postProject
		{7FC3CC33-B345-423E-99B6-5D499E531FBF} = {7FC3CC33-B345-423E-99B6-5D499E531FBF}
	EndProjectSection
EndProject
Project("{8BC9CEB8-8B4A-11D0-8D11-00A0C91BC942}") = "Odbc", "..\..\Odbc\source\Odbc.vcxproj", "{B80EC089-F567-4E1E-B3CC-06091482DDA7}"
	ProjectSection(ProjectDependencies) = postProject
		{7FC3CC33-B345-423E-99B6-5D499E531FBF} = {7FC3CC33-B345-423E-99B6-5D499E531FBF}
	EndProjectSection
EndProject
Project("{8BC9CEB8-8B4A-11D0-8D11-00A0C91BC942}") = "Google", "..\..\Google\source\Google.vcxproj", "{C7188528-A17F-457F-886C-6976383A36EE}"
EndProject
Project("{8BC9CEB8-8B4A-11D0-8D11-00A0C91BC942}") = "Edgar", "..\..\Private\source\markets\edgar\Edgar.vcxproj", "{30ADF2AD-9EA2-4A2B-B86A-8FC2BE04D7FC}"
	ProjectSection(ProjectDependencies) = postProject
		{7FC3CC33-B345-423E-99B6-5D499E531FBF} = {7FC3CC33-B345-423E-99B6-5D499E531FBF}
	EndProjectSection
EndProject
Project("{2150E333-8FDC-42A3-9474-1A3956D46DE8}") = "Solution Items", "Solution Items", "{7A626C15-A433-4416-96EA-0BD4D3753E82}"
EndProject
Global
	GlobalSection(SolutionConfigurationPlatforms) = preSolution
		Debug|x64 = Debug|x64
		Release|x64 = Release|x64
	EndGlobalSection
	GlobalSection(ProjectConfigurationPlatforms) = postSolution
		{B3DBDB2D-1109-4C38-A34D-E69D94A6CB93}.Debug|x64.ActiveCfg = Debug|x64
		{B3DBDB2D-1109-4C38-A34D-E69D94A6CB93}.Debug|x64.Build.0 = Debug|x64
		{B3DBDB2D-1109-4C38-A34D-E69D94A6CB93}.Release|x64.ActiveCfg = Release|x64
		{B3DBDB2D-1109-4C38-A34D-E69D94A6CB93}.Release|x64.Build.0 = Release|x64
		{B001A9CB-6EBC-470A-9760-4BFF763D9A16}.Debug|x64.ActiveCfg = Debug|x64
		{B001A9CB-6EBC-470A-9760-4BFF763D9A16}.Debug|x64.Build.0 = Debug|x64
		{B001A9CB-6EBC-470A-9760-4BFF763D9A16}.Release|x64.ActiveCfg = Release|x64
		{B001A9CB-6EBC-470A-9760-4BFF763D9A16}.Release|x64.Build.0 = Release|x64
		{7FC3CC33-B345-423E-99B6-5D499E531FBF}.Debug|x64.ActiveCfg = Debug|x64
		{7FC3CC33-B345-423E-99B6-5D499E531FBF}.Debug|x64.Build.0 = Debug|x64
		{7FC3CC33-B345-423E-99B6-5D499E531FBF}.Release|x64.ActiveCfg = Release|x64
		{7FC3CC33-B345-423E-99B6-5D499E531FBF}.Release|x64.Build.0 = Release|x64
		{8B49D7A7-4CB3-4610-8028-E9A179AE86F3}.Debug|x64.ActiveCfg = Debug|x64
		{8B49D7A7-4CB3-4610-8028-E9A179AE86F3}.Debug|x64.Build.0 = Debug|x64
		{8B49D7A7-4CB3-4610-8028-E9A179AE86F3}.Release|x64.ActiveCfg = Release|x64
		{8B49D7A7-4CB3-4610-8028-E9A179AE86F3}.Release|x64.Build.0 = Release|x64
		{E9C3126E-CEA8-41A8-A714-7644B016DB3C}.Debug|x64.ActiveCfg = Debug|x64
		{E9C3126E-CEA8-41A8-A714-7644B016DB3C}.Debug|x64.Build.0 = Debug|x64
		{E9C3126E-CEA8-41A8-A714-7644B016DB3C}.Release|x64.ActiveCfg = Release|x64
		{E9C3126E-CEA8-41A8-A714-7644B016DB3C}.Release|x64.Build.0 = Release|x64
		{28D2771F-7721-402F-ADC9-38A0B255D5F5}.Debug|x64.ActiveCfg = Debug|x64
		{28D2771F-7721-402F-ADC9-38A0B255D5F5}.Debug|x64.Build.0 = Debug|x64
		{28D2771F-7721-402F-ADC9-38A0B255D5F5}.Release|x64.ActiveCfg = Release|x64
		{28D2771F-7721-402F-ADC9-38A0B255D5F5}.Release|x64.Build.0 = Release|x64
		{474E0ECE-1132-4040-B0C2-C16456A88C2D}.Debug|x64.ActiveCfg = Debug|x64
		{474E0ECE-1132-4040-B0C2-C16456A88C2D}.Debug|x64.Build.0 = Debug|x64
		{474E0ECE-1132-4040-B0C2-C16456A88C2D}.Release|x64.ActiveCfg = Release|x64
		{474E0ECE-1132-4040-B0C2-C16456A88C2D}.Release|x64.Build.0 = Release|x64
		{3505B31F-01FF-458F-AFF7-193E60ECF0FE}.Debug|x64.ActiveCfg = Debug|x64
		{3505B31F-01FF-458F-AFF7-193E60ECF0FE}.Debug|x64.Build.0 = Debug|x64
		{3505B31F-01FF-458F-AFF7-193E60ECF0FE}.Release|x64.ActiveCfg = Release|x64
		{3505B31F-01FF-458F-AFF7-193E60ECF0FE}.Release|x64.Build.0 = Release|x64
		{B80EC089-F567-4E1E-B3CC-06091482DDA7}.Debug|x64.ActiveCfg = Debug|x64
		{B80EC089-F567-4E1E-B3CC-06091482DDA7}.Debug|x64.Build.0 = Debug|x64
		{B80EC089-F567-4E1E-B3CC-06091482DDA7}.Release|x64.ActiveCfg = Release|x64
		{B80EC089-F567-4E1E-B3CC-06091482DDA7}.Release|x64.Build.0 = Release|x64
		{C7188528-A17F-457F-886C-6976383A36EE}.Debug|x64.ActiveCfg = Debug|x64
		{C7188528-A17F-457F-886C-6976383A36EE}.Debug|x64.Build.0 = Debug|x64
		{C7188528-A17F-457F-886C-6976383A36EE}.Release|x64.ActiveCfg = Release|x64
		{C7188528-A17F-457F-886C-6976383A36EE}.Release|x64.Build.0 = Release|x64
		{30ADF2AD-9EA2-4A2B-B86A-8FC2BE04D7FC}.Debug|x64.ActiveCfg = Debug|x64
		{30ADF2AD-9EA2-4A2B-B86A-8FC2BE04D7FC}.Debug|x64.Build.0 = Debug|x64
		{30ADF2AD-9EA2-4A2B-B86A-8FC2BE04D7FC}.Release|x64.ActiveCfg = Release|x64
		{30ADF2AD-9EA2-4A2B-B86A-8FC2BE04D7FC}.Release|x64.Build.0 = Release|x64
	EndGlobalSection
	GlobalSection(SolutionProperties) = preSolution
		HideSolutionNode = FALSE
	EndGlobalSection
	GlobalSection(ExtensibilityGlobals) = postSolution
		SolutionGuid = {221C0219-CC42-4B90-9115-981017C8AD75}
	EndGlobalSection
EndGlobal
